
Microsoft Visual Studio Solution File, Format Version 9.00
# Visual Studio 2005
Project("{8BC9CEB8-8B4A-11D0-8D11-00A0C91BC942}") = "FPGA", "FPGA\FPGA.vcproj", "{C07D6A54-399B-44C8-8382-954074D320CE}"
EndProject
Global
	GlobalSection(SolutionConfigurationPlatforms) = preSolution
		Debug|Win32 = Debug|Win32
		Release|Win32 = Release|Win32
	EndGlobalSection
	GlobalSection(ProjectConfigurationPlatforms) = postSolution
		{C07D6A54-399B-44C8-8382-954074D320CE}.Debug|Win32.ActiveCfg = Release|Win32
		{C07D6A54-399B-44C8-8382-954074D320CE}.Debug|Win32.Build.0 = Release|Win32
		{C07D6A54-399B-44C8-8382-954074D320CE}.Release|Win32.ActiveCfg = Release|Win32
		{C07D6A54-399B-44C8-8382-954074D320CE}.Release|Win32.Build.0 = Release|Win32
	EndGlobalSection
	GlobalSection(SolutionProperties) = preSolution
		HideSolutionNode = FALSE
	EndGlobalSection
EndGlobal
